
Microsoft Visual Studio Solution File, Format Version 12.00
# Visual Studio Version 16
VisualStudioVersion = 16.0.31424.327
MinimumVisualStudioVersion = 10.0.40219.1
Project("{FAE04EC0-301F-11D3-BF4B-00C04F79EFBC}") = "ImportClient", "ImportClient.csproj", "{7A8D77B6-20E1-4288-A6A2-779C3305E25A}"
EndProject
Project("{2150E333-8FDC-42A3-9474-1A3956D46DE8}") = "Solution Items", "Solution Items", "{656C6B8A-94A5-4BFB-ACB6-9A2BADABE661}"
EndProject
Project("{9A19103F-16F7-4668-BE54-9A1E7A4F7556}") = "Import", "..\Import\Import.csproj", "{F3103BC7-4FAF-4949-9CF1-ED2A488B7FD3}"
EndProject
Global
	GlobalSection(SolutionConfigurationPlatforms) = preSolution
		Debug|Any CPU = Debug|Any CPU
		Release|Any CPU = Release|Any CPU
	EndGlobalSection
	GlobalSection(ProjectConfigurationPlatforms) = postSolution
		{7A8D77B6-20E1-4288-A6A2-779C3305E25A}.Debug|Any CPU.ActiveCfg = Debug|Any CPU
		{7A8D77B6-20E1-4288-A6A2-779C3305E25A}.Debug|Any CPU.Build.0 = Debug|Any CPU
		{7A8D77B6-20E1-4288-A6A2-779C3305E25A}.Release|Any CPU.ActiveCfg = Release|Any CPU
		{7A8D77B6-20E1-4288-A6A2-779C3305E25A}.Release|Any CPU.Build.0 = Release|Any CPU
		{F3103BC7-4FAF-4949-9CF1-ED2A488B7FD3}.Debug|Any CPU.ActiveCfg = Debug|Any CPU
		{F3103BC7-4FAF-4949-9CF1-ED2A488B7FD3}.Debug|Any CPU.Build.0 = Debug|Any CPU
		{F3103BC7-4FAF-4949-9CF1-ED2A488B7FD3}.Release|Any CPU.ActiveCfg = Release|Any CPU
		{F3103BC7-4FAF-4949-9CF1-ED2A488B7FD3}.Release|Any CPU.Build.0 = Release|Any CPU
	EndGlobalSection
	GlobalSection(SolutionProperties) = preSolution
		HideSolutionNode = FALSE
	EndGlobalSection
	GlobalSection(ExtensibilityGlobals) = postSolution
		SolutionGuid = {17BEAD1E-A29E-4036-81EF-5157BF098BE7}
	EndGlobalSection
EndGlobal
